{
  "name": "@devpulse/dummy-api",
  "version": "1.0.0",
  "lockfileVersion": 3,
  "requires": true,
  "packages": {
    "": {
      "name": "@devpulse/dummy-api",
      "version": "1.0.0",
      "dependencies": {
        "@devpulse/sdk": "file:../../sdk"
      },
      "engines": {
        "node": ">=20"
      }
    },
    "../../sdk": {
      "name": "@devpulse/sdk",
      "version": "0.1.0",
      "devDependencies": {
        "@eslint/js": "^9.32.0",
        "@types/node": "^24.2.0",
        "eslint": "^9.32.0",
        "tsx": "^4.20.3",
        "typescript": "^5.9.2",
        "typescript-eslint": "^8.39.0"
      },
      "engines": {
        "node": ">=20"
      }
    },
    "node_modules/@devpulse/sdk": {
      "resolved": "../../sdk",
      "link": true
    }
  }
}
